
Microsoft Visual Studio Solution File, Format Version 12.00
# Visual Studio 15
VisualStudioVersion = 15.0.28307.1800
MinimumVisualStudioVersion = 10.0.40219.1
Project("{FAE04EC0-301F-11D3-BF4B-00C04F79EFBC}") = "Cricket_Database", "Cricket_Database\Cricket_Database.csproj", "{73869838-7F19-4FF2-AE4F-66FB98E04A14}"
EndProject
Global
	GlobalSection(SolutionConfigurationPlatforms) = preSolution
		Debug|Any CPU = Debug|Any CPU
		Release|Any CPU = Release|Any CPU
	EndGlobalSection
	GlobalSection(ProjectConfigurationPlatforms) = postSolution
		{73869838-7F19-4FF2-AE4F-66FB98E04A14}.Debug|Any CPU.ActiveCfg = Debug|Any CPU
		{73869838-7F19-4FF2-AE4F-66FB98E04A14}.Debug|Any CPU.Build.0 = Debug|Any CPU
		{73869838-7F19-4FF2-AE4F-66FB98E04A14}.Release|Any CPU.ActiveCfg = Release|Any CPU
		{73869838-7F19-4FF2-AE4F-66FB98E04A14}.Release|Any CPU.Build.0 = Release|Any CPU
	EndGlobalSection
	GlobalSection(SolutionProperties) = preSolution
		HideSolutionNode = FALSE
	EndGlobalSection
	GlobalSection(ExtensibilityGlobals) = postSolution
		SolutionGuid = {694183CC-2860-49CA-83EC-DB2E60E5319F}
	EndGlobalSection
EndGlobal
